// !$*UTF8*$!
{
	archiveVersion = 1;
	classes = {
	};
	objectVersion = 56;
	objects = {

/* Begin PBXBuildFile section */
		4434D2CC296D4EB7006878EB /* SearchCell.swift in Sources */ = {isa = PBXBuildFile; fileRef = 4434D2CB296D4EB7006878EB /* SearchCell.swift */; };
		4434D2CE296D4FE0006878EB /* SearchBar.swift in Sources */ = {isa = PBXBuildFile; fileRef = 4434D2CD296D4FE0006878EB /* SearchBar.swift */; };
		4434D2D0296D58F8006878EB /* SearchUserCell.swift in Sources */ = {isa = PBXBuildFile; fileRef = 4434D2CF296D58F8006878EB /* SearchUserCell.swift */; };
		449AF894296AA1FA00BF811B /* BlackBirdApp.swift in Sources */ = {isa = PBXBuildFile; fileRef = 449AF893296AA1FA00BF811B /* BlackBirdApp.swift */; };
		449AF896296AA1FA00BF811B /* ContentView.swift in Sources */ = {isa = PBXBuildFile; fileRef = 449AF895296AA1FA00BF811B /* ContentView.swift */; };
		449AF898296AA1FF00BF811B /* Assets.xcassets in Resources */ = {isa = PBXBuildFile; fileRef = 449AF897296AA1FF00BF811B /* Assets.xcassets */; };
		449AF89C296AA1FF00BF811B /* Preview Assets.xcassets in Resources */ = {isa = PBXBuildFile; fileRef = 449AF89B296AA1FF00BF811B /* Preview Assets.xcassets */; };
		449AF8B5296AA52600BF811B /* Home.swift in Sources */ = {isa = PBXBuildFile; fileRef = 449AF8B4296AA52600BF811B /* Home.swift */; };
		449AF8B9296AAF3600BF811B /* Feed.swift in Sources */ = {isa = PBXBuildFile; fileRef = 449AF8B8296AAF3600BF811B /* Feed.swift */; };
		449AF8BB296AAF4C00BF811B /* SearchView.swift in Sources */ = {isa = PBXBuildFile; fileRef = 449AF8BA296AAF4C00BF811B /* SearchView.swift */; };
		449AF8BD296AAF6C00BF811B /* NotificationsView.swift in Sources */ = {isa = PBXBuildFile; fileRef = 449AF8BC296AAF6C00BF811B /* NotificationsView.swift */; };
		449AF8BF296AAF8A00BF811B /* MessagesView.swift in Sources */ = {isa = PBXBuildFile; fileRef = 449AF8BE296AAF8A00BF811B /* MessagesView.swift */; };
		449F6802296EC65E001F6D58 /* AuthViewModel.swift in Sources */ = {isa = PBXBuildFile; fileRef = 449F6801296EC65E001F6D58 /* AuthViewModel.swift */; };
		449F6804296EC685001F6D58 /* User.swift in Sources */ = {isa = PBXBuildFile; fileRef = 449F6803296EC685001F6D58 /* User.swift */; };
		44B5CF31296EEC5A000188EE /* AuthServices.swift in Sources */ = {isa = PBXBuildFile; fileRef = 44B5CF30296EEC5A000188EE /* AuthServices.swift */; };
		44C6495A296F274800DB0FF4 /* Tweet.swift in Sources */ = {isa = PBXBuildFile; fileRef = 44C64959296F274800DB0FF4 /* Tweet.swift */; };
		44C6495D296F2AD700DB0FF4 /* CreateTweetViewModel.swift in Sources */ = {isa = PBXBuildFile; fileRef = 44C6495C296F2AD700DB0FF4 /* CreateTweetViewModel.swift */; };
		44C6495F296F2B5500DB0FF4 /* RequestServices.swift in Sources */ = {isa = PBXBuildFile; fileRef = 44C6495E296F2B5500DB0FF4 /* RequestServices.swift */; };
		44C64961296F312000DB0FF4 /* ImagePicker.swift in Sources */ = {isa = PBXBuildFile; fileRef = 44C64960296F312000DB0FF4 /* ImagePicker.swift */; };
		44C64963296F4B4C00DB0FF4 /* ImageUploader.swift in Sources */ = {isa = PBXBuildFile; fileRef = 44C64962296F4B4C00DB0FF4 /* ImageUploader.swift */; };
		44C64966296F50A200DB0FF4 /* Kingfisher in Frameworks */ = {isa = PBXBuildFile; productRef = 44C64965296F50A200DB0FF4 /* Kingfisher */; };
		44C64968296F58AC00DB0FF4 /* FeedViewModel.swift in Sources */ = {isa = PBXBuildFile; fileRef = 44C64967296F58AC00DB0FF4 /* FeedViewModel.swift */; };
		44C6496B296F643200DB0FF4 /* TweetCellViewModel.swift in Sources */ = {isa = PBXBuildFile; fileRef = 44C6496A296F643200DB0FF4 /* TweetCellViewModel.swift */; };
		44CFA192296DAB8C009DA264 /* UserProfile.swift in Sources */ = {isa = PBXBuildFile; fileRef = 44CFA191296DAB8C009DA264 /* UserProfile.swift */; };
		44CFA194296DAE6D009DA264 /* BlurView.swift in Sources */ = {isa = PBXBuildFile; fileRef = 44CFA193296DAE6D009DA264 /* BlurView.swift */; };
		44CFA196296DBA67009DA264 /* TabButton.swift in Sources */ = {isa = PBXBuildFile; fileRef = 44CFA195296DBA67009DA264 /* TabButton.swift */; };
		44CFA198296DC585009DA264 /* WelcomeView.swift in Sources */ = {isa = PBXBuildFile; fileRef = 44CFA197296DC585009DA264 /* WelcomeView.swift */; };
		44CFA19A296DCE61009DA264 /* RegisterView.swift in Sources */ = {isa = PBXBuildFile; fileRef = 44CFA199296DCE61009DA264 /* RegisterView.swift */; };
		44CFA19C296DCF8E009DA264 /* CustomAuthTextField.swift in Sources */ = {isa = PBXBuildFile; fileRef = 44CFA19B296DCF8E009DA264 /* CustomAuthTextField.swift */; };
		44CFA19E296DD0A8009DA264 /* SecureAuthTextView.swift in Sources */ = {isa = PBXBuildFile; fileRef = 44CFA19D296DD0A8009DA264 /* SecureAuthTextView.swift */; };
		44CFA1A0296DD2D3009DA264 /* LogInView.swift in Sources */ = {isa = PBXBuildFile; fileRef = 44CFA19F296DD2D3009DA264 /* LogInView.swift */; };
		44EE3462296D6ED900BF52C1 /* Extensions.swift in Sources */ = {isa = PBXBuildFile; fileRef = 44EE3461296D6ED900BF52C1 /* Extensions.swift */; };
		44EE3464296D719C00BF52C1 /* NotificationCell.swift in Sources */ = {isa = PBXBuildFile; fileRef = 44EE3463296D719C00BF52C1 /* NotificationCell.swift */; };
		44EE3466296D761C00BF52C1 /* MessageCell.swift in Sources */ = {isa = PBXBuildFile; fileRef = 44EE3465296D761C00BF52C1 /* MessageCell.swift */; };
		44EE3468296D79CF00BF52C1 /* TopBar.swift in Sources */ = {isa = PBXBuildFile; fileRef = 44EE3467296D79CF00BF52C1 /* TopBar.swift */; };
		44EE346A296D7C8C00BF52C1 /* MainView.swift in Sources */ = {isa = PBXBuildFile; fileRef = 44EE3469296D7C8C00BF52C1 /* MainView.swift */; };
		44EE346C296D7EAA00BF52C1 /* SlideMenu.swift in Sources */ = {isa = PBXBuildFile; fileRef = 44EE346B296D7EAA00BF52C1 /* SlideMenu.swift */; };
		44EE346E296D7F6700BF52C1 /* FollowView.swift in Sources */ = {isa = PBXBuildFile; fileRef = 44EE346D296D7F6700BF52C1 /* FollowView.swift */; };
		44EE3470296D821800BF52C1 /* MenuButton.swift in Sources */ = {isa = PBXBuildFile; fileRef = 44EE346F296D821800BF52C1 /* MenuButton.swift */; };
		44FB5D57296AC57300BDADBD /* CreateTweet.swift in Sources */ = {isa = PBXBuildFile; fileRef = 44FB5D56296AC57300BDADBD /* CreateTweet.swift */; };
		44FB5D59296AC69300BDADBD /* MultilineTextField.swift in Sources */ = {isa = PBXBuildFile; fileRef = 44FB5D58296AC69300BDADBD /* MultilineTextField.swift */; };
		44FB5D5B296ACCE700BDADBD /* TweetCellView.swift in Sources */ = {isa = PBXBuildFile; fileRef = 44FB5D5A296ACCE700BDADBD /* TweetCellView.swift */; };
/* End PBXBuildFile section */

/* Begin PBXFileReference section */
		4434D2CB296D4EB7006878EB /* SearchCell.swift */ = {isa = PBXFileReference; lastKnownFileType = sourcecode.swift; path = SearchCell.swift; sourceTree = "<group>"; };
		4434D2CD296D4FE0006878EB /* SearchBar.swift */ = {isa = PBXFileReference; lastKnownFileType = sourcecode.swift; path = SearchBar.swift; sourceTree = "<group>"; };
		4434D2CF296D58F8006878EB /* SearchUserCell.swift */ = {isa = PBXFileReference; lastKnownFileType = sourcecode.swift; path = SearchUserCell.swift; sourceTree = "<group>"; };
		449AF890296AA1FA00BF811B /* BlackBird.app */ = {isa = PBXFileReference; explicitFileType = wrapper.application; includeInIndex = 0; path = BlackBird.app; sourceTree = BUILT_PRODUCTS_DIR; };
		449AF893296AA1FA00BF811B /* BlackBirdApp.swift */ = {isa = PBXFileReference; lastKnownFileType = sourcecode.swift; path = BlackBirdApp.swift; sourceTree = "<group>"; };
		449AF895296AA1FA00BF811B /* ContentView.swift */ = {isa = PBXFileReference; lastKnownFileType = sourcecode.swift; path = ContentView.swift; sourceTree = "<group>"; };
		449AF897296AA1FF00BF811B /* Assets.xcassets */ = {isa = PBXFileReference; lastKnownFileType = folder.assetcatalog; path = Assets.xcassets; sourceTree = "<group>"; };
		449AF899296AA1FF00BF811B /* BlackBird.entitlements */ = {isa = PBXFileReference; lastKnownFileType = text.plist.entitlements; path = BlackBird.entitlements; sourceTree = "<group>"; };
		449AF89B296AA1FF00BF811B /* Preview Assets.xcassets */ = {isa = PBXFileReference; lastKnownFileType = folder.assetcatalog; path = "Preview Assets.xcassets"; sourceTree = "<group>"; };
		449AF8B4296AA52600BF811B /* Home.swift */ = {isa = PBXFileReference; lastKnownFileType = sourcecode.swift; path = Home.swift; sourceTree = "<group>"; };
		449AF8B8296AAF3600BF811B /* Feed.swift */ = {isa = PBXFileReference; lastKnownFileType = sourcecode.swift; path = Feed.swift; sourceTree = "<group>"; };
		449AF8BA296AAF4C00BF811B /* SearchView.swift */ = {isa = PBXFileReference; lastKnownFileType = sourcecode.swift; path = SearchView.swift; sourceTree = "<group>"; };
		449AF8BC296AAF6C00BF811B /* NotificationsView.swift */ = {isa = PBXFileReference; lastKnownFileType = sourcecode.swift; path = NotificationsView.swift; sourceTree = "<group>"; };
		449AF8BE296AAF8A00BF811B /* MessagesView.swift */ = {isa = PBXFileReference; lastKnownFileType = sourcecode.swift; path = MessagesView.swift; sourceTree = "<group>"; };
		449F6801296EC65E001F6D58 /* AuthViewModel.swift */ = {isa = PBXFileReference; lastKnownFileType = sourcecode.swift; path = AuthViewModel.swift; sourceTree = "<group>"; };
		449F6803296EC685001F6D58 /* User.swift */ = {isa = PBXFileReference; lastKnownFileType = sourcecode.swift; path = User.swift; sourceTree = "<group>"; };
		44B5CF30296EEC5A000188EE /* AuthServices.swift */ = {isa = PBXFileReference; lastKnownFileType = sourcecode.swift; path = AuthServices.swift; sourceTree = "<group>"; };
		44C64959296F274800DB0FF4 /* Tweet.swift */ = {isa = PBXFileReference; lastKnownFileType = sourcecode.swift; path = Tweet.swift; sourceTree = "<group>"; };
		44C6495C296F2AD700DB0FF4 /* CreateTweetViewModel.swift */ = {isa = PBXFileReference; lastKnownFileType = sourcecode.swift; path = CreateTweetViewModel.swift; sourceTree = "<group>"; };
		44C6495E296F2B5500DB0FF4 /* RequestServices.swift */ = {isa = PBXFileReference; lastKnownFileType = sourcecode.swift; path = RequestServices.swift; sourceTree = "<group>"; };
		44C64960296F312000DB0FF4 /* ImagePicker.swift */ = {isa = PBXFileReference; lastKnownFileType = sourcecode.swift; path = ImagePicker.swift; sourceTree = "<group>"; };
		44C64962296F4B4C00DB0FF4 /* ImageUploader.swift */ = {isa = PBXFileReference; lastKnownFileType = sourcecode.swift; path = ImageUploader.swift; sourceTree = "<group>"; };
		44C64967296F58AC00DB0FF4 /* FeedViewModel.swift */ = {isa = PBXFileReference; lastKnownFileType = sourcecode.swift; path = FeedViewModel.swift; sourceTree = "<group>"; };
		44C6496A296F643200DB0FF4 /* TweetCellViewModel.swift */ = {isa = PBXFileReference; lastKnownFileType = sourcecode.swift; path = TweetCellViewModel.swift; sourceTree = "<group>"; };
		44CFA191296DAB8C009DA264 /* UserProfile.swift */ = {isa = PBXFileReference; lastKnownFileType = sourcecode.swift; path = UserProfile.swift; sourceTree = "<group>"; };
		44CFA193296DAE6D009DA264 /* BlurView.swift */ = {isa = PBXFileReference; lastKnownFileType = sourcecode.swift; path = BlurView.swift; sourceTree = "<group>"; };
		44CFA195296DBA67009DA264 /* TabButton.swift */ = {isa = PBXFileReference; lastKnownFileType = sourcecode.swift; path = TabButton.swift; sourceTree = "<group>"; };
		44CFA197296DC585009DA264 /* WelcomeView.swift */ = {isa = PBXFileReference; lastKnownFileType = sourcecode.swift; path = WelcomeView.swift; sourceTree = "<group>"; };
		44CFA199296DCE61009DA264 /* RegisterView.swift */ = {isa = PBXFileReference; lastKnownFileType = sourcecode.swift; path = RegisterView.swift; sourceTree = "<group>"; };
		44CFA19B296DCF8E009DA264 /* CustomAuthTextField.swift */ = {isa = PBXFileReference; lastKnownFileType = sourcecode.swift; path = CustomAuthTextField.swift; sourceTree = "<group>"; };
		44CFA19D296DD0A8009DA264 /* SecureAuthTextView.swift */ = {isa = PBXFileReference; lastKnownFileType = sourcecode.swift; path = SecureAuthTextView.swift; sourceTree = "<group>"; };
		44CFA19F296DD2D3009DA264 /* LogInView.swift */ = {isa = PBXFileReference; lastKnownFileType = sourcecode.swift; path = LogInView.swift; sourceTree = "<group>"; };
		44EE3461296D6ED900BF52C1 /* Extensions.swift */ = {isa = PBXFileReference; lastKnownFileType = sourcecode.swift; path = Extensions.swift; sourceTree = "<group>"; };
		44EE3463296D719C00BF52C1 /* NotificationCell.swift */ = {isa = PBXFileReference; lastKnownFileType = sourcecode.swift; path = NotificationCell.swift; sourceTree = "<group>"; };
		44EE3465296D761C00BF52C1 /* MessageCell.swift */ = {isa = PBXFileReference; lastKnownFileType = sourcecode.swift; path = MessageCell.swift; sourceTree = "<group>"; };
		44EE3467296D79CF00BF52C1 /* TopBar.swift */ = {isa = PBXFileReference; lastKnownFileType = sourcecode.swift; path = TopBar.swift; sourceTree = "<group>"; };
		44EE3469296D7C8C00BF52C1 /* MainView.swift */ = {isa = PBXFileReference; lastKnownFileType = sourcecode.swift; path = MainView.swift; sourceTree = "<group>"; };
		44EE346B296D7EAA00BF52C1 /* SlideMenu.swift */ = {isa = PBXFileReference; lastKnownFileType = sourcecode.swift; path = SlideMenu.swift; sourceTree = "<group>"; };
		44EE346D296D7F6700BF52C1 /* FollowView.swift */ = {isa = PBXFileReference; lastKnownFileType = sourcecode.swift; path = FollowView.swift; sourceTree = "<group>"; };
		44EE346F296D821800BF52C1 /* MenuButton.swift */ = {isa = PBXFileReference; lastKnownFileType = sourcecode.swift; path = MenuButton.swift; sourceTree = "<group>"; };
		44FB5D56296AC57300BDADBD /* CreateTweet.swift */ = {isa = PBXFileReference; lastKnownFileType = sourcecode.swift; path = CreateTweet.swift; sourceTree = "<group>"; };
		44FB5D58296AC69300BDADBD /* MultilineTextField.swift */ = {isa = PBXFileReference; lastKnownFileType = sourcecode.swift; path = MultilineTextField.swift; sourceTree = "<group>"; };
		44FB5D5A296ACCE700BDADBD /* TweetCellView.swift */ = {isa = PBXFileReference; lastKnownFileType = sourcecode.swift; path = TweetCellView.swift; sourceTree = "<group>"; };
/* End PBXFileReference section */

/* Begin PBXFrameworksBuildPhase section */
		449AF88D296AA1FA00BF811B /* Frameworks */ = {
			isa = PBXFrameworksBuildPhase;
			buildActionMask = 2147483647;
			files = (
				44C64966296F50A200DB0FF4 /* Kingfisher in Frameworks */,
			);
			runOnlyForDeploymentPostprocessing = 0;
		};
/* End PBXFrameworksBuildPhase section */

/* Begin PBXGroup section */
		449AF887296AA1FA00BF811B = {
			isa = PBXGroup;
			children = (
				449AF892296AA1FA00BF811B /* BlackBird */,
				449AF891296AA1FA00BF811B /* Products */,
			);
			sourceTree = "<group>";
		};
		449AF891296AA1FA00BF811B /* Products */ = {
			isa = PBXGroup;
			children = (
				449AF890296AA1FA00BF811B /* BlackBird.app */,
			);
			name = Products;
			sourceTree = "<group>";
		};
		449AF892296AA1FA00BF811B /* BlackBird */ = {
			isa = PBXGroup;
			children = (
				449AF8A7296AA3FF00BF811B /* Extensions */,
				449AF8A5296AA3DA00BF811B /* Services */,
				449AF8A4296AA3C900BF811B /* Model */,
				449AF8A3296AA3B600BF811B /* ViewModel */,
				449AF8A2296AA39E00BF811B /* View */,
				449AF893296AA1FA00BF811B /* BlackBirdApp.swift */,
				449AF897296AA1FF00BF811B /* Assets.xcassets */,
				449AF899296AA1FF00BF811B /* BlackBird.entitlements */,
				449AF89A296AA1FF00BF811B /* Preview Content */,
			);
			path = BlackBird;
			sourceTree = "<group>";
		};
		449AF89A296AA1FF00BF811B /* Preview Content */ = {
			isa = PBXGroup;
			children = (
				449AF89B296AA1FF00BF811B /* Preview Assets.xcassets */,
			);
			path = "Preview Content";
			sourceTree = "<group>";
		};
		449AF8A2296AA39E00BF811B /* View */ = {
			isa = PBXGroup;
			children = (
				449AF8B2296AA4B800BF811B /* Main */,
				449AF8B1296AA4AF00BF811B /* Feed */,
				449AF8B0296AA4AA00BF811B /* Search */,
				449AF8AF296AA48C00BF811B /* Notifications */,
				449AF8AC296AA45200BF811B /* Messages */,
				449AF8AB296AA43900BF811B /* Authentication */,
				449AF8AA296AA43300BF811B /* Items */,
				449AF8A9296AA42700BF811B /* Post */,
				449AF8A8296AA42100BF811B /* Profile */,
			);
			path = View;
			sourceTree = "<group>";
		};
		449AF8A3296AA3B600BF811B /* ViewModel */ = {
			isa = PBXGroup;
			children = (
				44C6495B296F2AB200DB0FF4 /* PostTweet */,
				44B5CF32296EFBFF000188EE /* Authentication */,
				44C64969296F58D000DB0FF4 /* Feed */,
			);
			path = ViewModel;
			sourceTree = "<group>";
		};
		449AF8A4296AA3C900BF811B /* Model */ = {
			isa = PBXGroup;
			children = (
				449F6803296EC685001F6D58 /* User.swift */,
				44C64959296F274800DB0FF4 /* Tweet.swift */,
			);
			path = Model;
			sourceTree = "<group>";
		};
		449AF8A5296AA3DA00BF811B /* Services */ = {
			isa = PBXGroup;
			children = (
				44B5CF30296EEC5A000188EE /* AuthServices.swift */,
				44C6495E296F2B5500DB0FF4 /* RequestServices.swift */,
				44C64962296F4B4C00DB0FF4 /* ImageUploader.swift */,
			);
			path = Services;
			sourceTree = "<group>";
		};
		449AF8A7296AA3FF00BF811B /* Extensions */ = {
			isa = PBXGroup;
			children = (
				44EE3461296D6ED900BF52C1 /* Extensions.swift */,
				44C64960296F312000DB0FF4 /* ImagePicker.swift */,
			);
			path = Extensions;
			sourceTree = "<group>";
		};
		449AF8A8296AA42100BF811B /* Profile */ = {
			isa = PBXGroup;
			children = (
				44CFA191296DAB8C009DA264 /* UserProfile.swift */,
				44CFA193296DAE6D009DA264 /* BlurView.swift */,
			);
			path = Profile;
			sourceTree = "<group>";
		};
		449AF8A9296AA42700BF811B /* Post */ = {
			isa = PBXGroup;
			children = (
				44FB5D56296AC57300BDADBD /* CreateTweet.swift */,
			);
			path = Post;
			sourceTree = "<group>";
		};
		449AF8AA296AA43300BF811B /* Items */ = {
			isa = PBXGroup;
			children = (
				44FB5D58296AC69300BDADBD /* MultilineTextField.swift */,
				4434D2CD296D4FE0006878EB /* SearchBar.swift */,
				44EE346D296D7F6700BF52C1 /* FollowView.swift */,
				44EE346F296D821800BF52C1 /* MenuButton.swift */,
				44CFA195296DBA67009DA264 /* TabButton.swift */,
				44CFA19B296DCF8E009DA264 /* CustomAuthTextField.swift */,
				44CFA19D296DD0A8009DA264 /* SecureAuthTextView.swift */,
			);
			path = Items;
			sourceTree = "<group>";
		};
		449AF8AB296AA43900BF811B /* Authentication */ = {
			isa = PBXGroup;
			children = (
				449AF895296AA1FA00BF811B /* ContentView.swift */,
				44CFA197296DC585009DA264 /* WelcomeView.swift */,
				44CFA199296DCE61009DA264 /* RegisterView.swift */,
				44CFA19F296DD2D3009DA264 /* LogInView.swift */,
			);
			path = Authentication;
			sourceTree = "<group>";
		};
		449AF8AC296AA45200BF811B /* Messages */ = {
			isa = PBXGroup;
			children = (
				449AF8BE296AAF8A00BF811B /* MessagesView.swift */,
				44EE3465296D761C00BF52C1 /* MessageCell.swift */,
			);
			path = Messages;
			sourceTree = "<group>";
		};
		449AF8AF296AA48C00BF811B /* Notifications */ = {
			isa = PBXGroup;
			children = (
				449AF8BC296AAF6C00BF811B /* NotificationsView.swift */,
				44EE3463296D719C00BF52C1 /* NotificationCell.swift */,
			);
			path = Notifications;
			sourceTree = "<group>";
		};
		449AF8B0296AA4AA00BF811B /* Search */ = {
			isa = PBXGroup;
			children = (
				449AF8BA296AAF4C00BF811B /* SearchView.swift */,
				4434D2CB296D4EB7006878EB /* SearchCell.swift */,
				4434D2CF296D58F8006878EB /* SearchUserCell.swift */,
			);
			path = Search;
			sourceTree = "<group>";
		};
		449AF8B1296AA4AF00BF811B /* Feed */ = {
			isa = PBXGroup;
			children = (
				449AF8B8296AAF3600BF811B /* Feed.swift */,
				44FB5D5A296ACCE700BDADBD /* TweetCellView.swift */,
			);
			path = Feed;
			sourceTree = "<group>";
		};
		449AF8B2296AA4B800BF811B /* Main */ = {
			isa = PBXGroup;
			children = (
				449AF8B4296AA52600BF811B /* Home.swift */,
				44EE3467296D79CF00BF52C1 /* TopBar.swift */,
				44EE3469296D7C8C00BF52C1 /* MainView.swift */,
				44EE346B296D7EAA00BF52C1 /* SlideMenu.swift */,
			);
			path = Main;
			sourceTree = "<group>";
		};
		44B5CF32296EFBFF000188EE /* Authentication */ = {
			isa = PBXGroup;
			children = (
				449F6801296EC65E001F6D58 /* AuthViewModel.swift */,
			);
			path = Authentication;
			sourceTree = "<group>";
		};
		44C6495B296F2AB200DB0FF4 /* PostTweet */ = {
			isa = PBXGroup;
			children = (
				44C6495C296F2AD700DB0FF4 /* CreateTweetViewModel.swift */,
			);
			path = PostTweet;
			sourceTree = "<group>";
		};
		44C64969296F58D000DB0FF4 /* Feed */ = {
			isa = PBXGroup;
			children = (
				44C64967296F58AC00DB0FF4 /* FeedViewModel.swift */,
				44C6496A296F643200DB0FF4 /* TweetCellViewModel.swift */,
			);
			path = Feed;
			sourceTree = "<group>";
		};
/* End PBXGroup section */

/* Begin PBXNativeTarget section */
		449AF88F296AA1FA00BF811B /* BlackBird */ = {
			isa = PBXNativeTarget;
			buildConfigurationList = 449AF89F296AA1FF00BF811B /* Build configuration list for PBXNativeTarget "BlackBird" */;
			buildPhases = (
				449AF88C296AA1FA00BF811B /* Sources */,
				449AF88D296AA1FA00BF811B /* Frameworks */,
				449AF88E296AA1FA00BF811B /* Resources */,
			);
			buildRules = (
			);
			dependencies = (
			);
			name = BlackBird;
			packageProductDependencies = (
				44C64965296F50A200DB0FF4 /* Kingfisher */,
			);
			productName = BlackBird;
			productReference = 449AF890296AA1FA00BF811B /* BlackBird.app */;
			productType = "com.apple.product-type.application";
		};
/* End PBXNativeTarget section */

/* Begin PBXProject section */
		449AF888296AA1FA00BF811B /* Project object */ = {
			isa = PBXProject;
			attributes = {
				BuildIndependentTargetsInParallel = 1;
				LastSwiftUpdateCheck = 1420;
				LastUpgradeCheck = 1420;
				TargetAttributes = {
					449AF88F296AA1FA00BF811B = {
						CreatedOnToolsVersion = 14.2;
					};
				};
			};
			buildConfigurationList = 449AF88B296AA1FA00BF811B /* Build configuration list for PBXProject "BlackBird" */;
			compatibilityVersion = "Xcode 14.0";
			developmentRegion = en;
			hasScannedForEncodings = 0;
			knownRegions = (
				en,
				Base,
			);
			mainGroup = 449AF887296AA1FA00BF811B;
			packageReferences = (
				44C64964296F50A200DB0FF4 /* XCRemoteSwiftPackageReference "Kingfisher" */,
			);
			productRefGroup = 449AF891296AA1FA00BF811B /* Products */;
			projectDirPath = "";
			projectRoot = "";
			targets = (
				449AF88F296AA1FA00BF811B /* BlackBird */,
			);
		};
/* End PBXProject section */

/* Begin PBXResourcesBuildPhase section */
		449AF88E296AA1FA00BF811B /* Resources */ = {
			isa = PBXResourcesBuildPhase;
			buildActionMask = 2147483647;
			files = (
				449AF89C296AA1FF00BF811B /* Preview Assets.xcassets in Resources */,
				449AF898296AA1FF00BF811B /* Assets.xcassets in Resources */,
			);
			runOnlyForDeploymentPostprocessing = 0;
		};
/* End PBXResourcesBuildPhase section */

/* Begin PBXSourcesBuildPhase section */
		449AF88C296AA1FA00BF811B /* Sources */ = {
			isa = PBXSourcesBuildPhase;
			buildActionMask = 2147483647;
			files = (
				44C64968296F58AC00DB0FF4 /* FeedViewModel.swift in Sources */,
				44EE3470296D821800BF52C1 /* MenuButton.swift in Sources */,
				44FB5D5B296ACCE700BDADBD /* TweetCellView.swift in Sources */,
				44CFA194296DAE6D009DA264 /* BlurView.swift in Sources */,
				44B5CF31296EEC5A000188EE /* AuthServices.swift in Sources */,
				44EE346A296D7C8C00BF52C1 /* MainView.swift in Sources */,
				449F6804296EC685001F6D58 /* User.swift in Sources */,
				44EE3466296D761C00BF52C1 /* MessageCell.swift in Sources */,
				4434D2CC296D4EB7006878EB /* SearchCell.swift in Sources */,
				44FB5D57296AC57300BDADBD /* CreateTweet.swift in Sources */,
				44EE346C296D7EAA00BF52C1 /* SlideMenu.swift in Sources */,
				449AF8BB296AAF4C00BF811B /* SearchView.swift in Sources */,
				4434D2D0296D58F8006878EB /* SearchUserCell.swift in Sources */,
				449AF896296AA1FA00BF811B /* ContentView.swift in Sources */,
				4434D2CE296D4FE0006878EB /* SearchBar.swift in Sources */,
				449AF8B9296AAF3600BF811B /* Feed.swift in Sources */,
				44EE3468296D79CF00BF52C1 /* TopBar.swift in Sources */,
				449AF8B5296AA52600BF811B /* Home.swift in Sources */,
				44CFA19C296DCF8E009DA264 /* CustomAuthTextField.swift in Sources */,
				44CFA19E296DD0A8009DA264 /* SecureAuthTextView.swift in Sources */,
				44CFA19A296DCE61009DA264 /* RegisterView.swift in Sources */,
				44EE346E296D7F6700BF52C1 /* FollowView.swift in Sources */,
				44C64961296F312000DB0FF4 /* ImagePicker.swift in Sources */,
				44C6495A296F274800DB0FF4 /* Tweet.swift in Sources */,
				44CFA1A0296DD2D3009DA264 /* LogInView.swift in Sources */,
				44C6495F296F2B5500DB0FF4 /* RequestServices.swift in Sources */,
				449F6802296EC65E001F6D58 /* AuthViewModel.swift in Sources */,
				449AF8BF296AAF8A00BF811B /* MessagesView.swift in Sources */,
				44CFA192296DAB8C009DA264 /* UserProfile.swift in Sources */,
				44FB5D59296AC69300BDADBD /* MultilineTextField.swift in Sources */,
				449AF894296AA1FA00BF811B /* BlackBirdApp.swift in Sources */,
				44CFA198296DC585009DA264 /* WelcomeView.swift in Sources */,
				449AF8BD296AAF6C00BF811B /* NotificationsView.swift in Sources */,
				44C6495D296F2AD700DB0FF4 /* CreateTweetViewModel.swift in Sources */,
				44CFA196296DBA67009DA264 /* TabButton.swift in Sources */,
				44C64963296F4B4C00DB0FF4 /* ImageUploader.swift in Sources */,
				44C6496B296F643200DB0FF4 /* TweetCellViewModel.swift in Sources */,
				44EE3464296D719C00BF52C1 /* NotificationCell.swift in Sources */,
				44EE3462296D6ED900BF52C1 /* Extensions.swift in Sources */,
			);
			runOnlyForDeploymentPostprocessing = 0;
		};
/* End PBXSourcesBuildPhase section */

/* Begin XCBuildConfiguration section */
		449AF89D296AA1FF00BF811B /* Debug */ = {
			isa = XCBuildConfiguration;
			buildSettings = {
				ALWAYS_SEARCH_USER_PATHS = NO;
				CLANG_ANALYZER_NONNULL = YES;
				CLANG_ANALYZER_NUMBER_OBJECT_CONVERSION = YES_AGGRESSIVE;
				CLANG_CXX_LANGUAGE_STANDARD = "gnu++20";
				CLANG_ENABLE_MODULES = YES;
				CLANG_ENABLE_OBJC_ARC = YES;
				CLANG_ENABLE_OBJC_WEAK = YES;
				CLANG_WARN_BLOCK_CAPTURE_AUTORELEASING = YES;
				CLANG_WARN_BOOL_CONVERSION = YES;
				CLANG_WARN_COMMA = YES;
				CLANG_WARN_CONSTANT_CONVERSION = YES;
				CLANG_WARN_DEPRECATED_OBJC_IMPLEMENTATIONS = YES;
				CLANG_WARN_DIRECT_OBJC_ISA_USAGE = YES_ERROR;
				CLANG_WARN_DOCUMENTATION_COMMENTS = YES;
				CLANG_WARN_EMPTY_BODY = YES;
				CLANG_WARN_ENUM_CONVERSION = YES;
				CLANG_WARN_INFINITE_RECURSION = YES;
				CLANG_WARN_INT_CONVERSION = YES;
				CLANG_WARN_NON_LITERAL_NULL_CONVERSION = YES;
				CLANG_WARN_OBJC_IMPLICIT_RETAIN_SELF = YES;
				CLANG_WARN_OBJC_LITERAL_CONVERSION = YES;
				CLANG_WARN_OBJC_ROOT_CLASS = YES_ERROR;
				CLANG_WARN_QUOTED_INCLUDE_IN_FRAMEWORK_HEADER = YES;
				CLANG_WARN_RANGE_LOOP_ANALYSIS = YES;
				CLANG_WARN_STRICT_PROTOTYPES = YES;
				CLANG_WARN_SUSPICIOUS_MOVE = YES;
				CLANG_WARN_UNGUARDED_AVAILABILITY = YES_AGGRESSIVE;
				CLANG_WARN_UNREACHABLE_CODE = YES;
				CLANG_WARN__DUPLICATE_METHOD_MATCH = YES;
				COPY_PHASE_STRIP = NO;
				DEBUG_INFORMATION_FORMAT = dwarf;
				ENABLE_STRICT_OBJC_MSGSEND = YES;
				ENABLE_TESTABILITY = YES;
				GCC_C_LANGUAGE_STANDARD = gnu11;
				GCC_DYNAMIC_NO_PIC = NO;
				GCC_NO_COMMON_BLOCKS = YES;
				GCC_OPTIMIZATION_LEVEL = 0;
				GCC_PREPROCESSOR_DEFINITIONS = (
					"DEBUG=1",
					"$(inherited)",
				);
				GCC_WARN_64_TO_32_BIT_CONVERSION = YES;
				GCC_WARN_ABOUT_RETURN_TYPE = YES_ERROR;
				GCC_WARN_UNDECLARED_SELECTOR = YES;
				GCC_WARN_UNINITIALIZED_AUTOS = YES_AGGRESSIVE;
				GCC_WARN_UNUSED_FUNCTION = YES;
				GCC_WARN_UNUSED_VARIABLE = YES;
				MTL_ENABLE_DEBUG_INFO = INCLUDE_SOURCE;
				MTL_FAST_MATH = YES;
				ONLY_ACTIVE_ARCH = YES;
				SWIFT_ACTIVE_COMPILATION_CONDITIONS = DEBUG;
				SWIFT_OPTIMIZATION_LEVEL = "-Onone";
			};
			name = Debug;
		};
		449AF89E296AA1FF00BF811B /* Release */ = {
			isa = XCBuildConfiguration;
			buildSettings = {
				ALWAYS_SEARCH_USER_PATHS = NO;
				CLANG_ANALYZER_NONNULL = YES;
				CLANG_ANALYZER_NUMBER_OBJECT_CONVERSION = YES_AGGRESSIVE;
				CLANG_CXX_LANGUAGE_STANDARD = "gnu++20";
				CLANG_ENABLE_MODULES = YES;
				CLANG_ENABLE_OBJC_ARC = YES;
				CLANG_ENABLE_OBJC_WEAK = YES;
				CLANG_WARN_BLOCK_CAPTURE_AUTORELEASING = YES;
				CLANG_WARN_BOOL_CONVERSION = YES;
				CLANG_WARN_COMMA = YES;
				CLANG_WARN_CONSTANT_CONVERSION = YES;
				CLANG_WARN_DEPRECATED_OBJC_IMPLEMENTATIONS = YES;
				CLANG_WARN_DIRECT_OBJC_ISA_USAGE = YES_ERROR;
				CLANG_WARN_DOCUMENTATION_COMMENTS = YES;
				CLANG_WARN_EMPTY_BODY = YES;
				CLANG_WARN_ENUM_CONVERSION = YES;
				CLANG_WARN_INFINITE_RECURSION = YES;
				CLANG_WARN_INT_CONVERSION = YES;
				CLANG_WARN_NON_LITERAL_NULL_CONVERSION = YES;
				CLANG_WARN_OBJC_IMPLICIT_RETAIN_SELF = YES;
				CLANG_WARN_OBJC_LITERAL_CONVERSION = YES;
				CLANG_WARN_OBJC_ROOT_CLASS = YES_ERROR;
				CLANG_WARN_QUOTED_INCLUDE_IN_FRAMEWORK_HEADER = YES;
				CLANG_WARN_RANGE_LOOP_ANALYSIS = YES;
				CLANG_WARN_STRICT_PROTOTYPES = YES;
				CLANG_WARN_SUSPICIOUS_MOVE = YES;
				CLANG_WARN_UNGUARDED_AVAILABILITY = YES_AGGRESSIVE;
				CLANG_WARN_UNREACHABLE_CODE = YES;
				CLANG_WARN__DUPLICATE_METHOD_MATCH = YES;
				COPY_PHASE_STRIP = NO;
				DEBUG_INFORMATION_FORMAT = "dwarf-with-dsym";
				ENABLE_NS_ASSERTIONS = NO;
				ENABLE_STRICT_OBJC_MSGSEND = YES;
				GCC_C_LANGUAGE_STANDARD = gnu11;
				GCC_NO_COMMON_BLOCKS = YES;
				GCC_WARN_64_TO_32_BIT_CONVERSION = YES;
				GCC_WARN_ABOUT_RETURN_TYPE = YES_ERROR;
				GCC_WARN_UNDECLARED_SELECTOR = YES;
				GCC_WARN_UNINITIALIZED_AUTOS = YES_AGGRESSIVE;
				GCC_WARN_UNUSED_FUNCTION = YES;
				GCC_WARN_UNUSED_VARIABLE = YES;
				MTL_ENABLE_DEBUG_INFO = NO;
				MTL_FAST_MATH = YES;
				SWIFT_COMPILATION_MODE = wholemodule;
				SWIFT_OPTIMIZATION_LEVEL = "-O";
			};
			name = Release;
		};
		449AF8A0296AA1FF00BF811B /* Debug */ = {
			isa = XCBuildConfiguration;
			buildSettings = {
				ASSETCATALOG_COMPILER_APPICON_NAME = AppIcon;
				ASSETCATALOG_COMPILER_GLOBAL_ACCENT_COLOR_NAME = AccentColor;
				CODE_SIGN_ENTITLEMENTS = BlackBird/BlackBird.entitlements;
				CODE_SIGN_STYLE = Automatic;
				CURRENT_PROJECT_VERSION = 1;
				DEVELOPMENT_ASSET_PATHS = "\"BlackBird/Preview Content\"";
				DEVELOPMENT_TEAM = A3ZHNVB7R6;
				ENABLE_HARDENED_RUNTIME = YES;
				ENABLE_PREVIEWS = YES;
				GENERATE_INFOPLIST_FILE = YES;
				"INFOPLIST_KEY_UIApplicationSceneManifest_Generation[sdk=iphoneos*]" = YES;
				"INFOPLIST_KEY_UIApplicationSceneManifest_Generation[sdk=iphonesimulator*]" = YES;
				"INFOPLIST_KEY_UIApplicationSupportsIndirectInputEvents[sdk=iphoneos*]" = YES;
				"INFOPLIST_KEY_UIApplicationSupportsIndirectInputEvents[sdk=iphonesimulator*]" = YES;
				"INFOPLIST_KEY_UILaunchScreen_Generation[sdk=iphoneos*]" = YES;
				"INFOPLIST_KEY_UILaunchScreen_Generation[sdk=iphonesimulator*]" = YES;
				"INFOPLIST_KEY_UIStatusBarStyle[sdk=iphoneos*]" = UIStatusBarStyleDefault;
				"INFOPLIST_KEY_UIStatusBarStyle[sdk=iphonesimulator*]" = UIStatusBarStyleDefault;
				INFOPLIST_KEY_UISupportedInterfaceOrientations_iPad = "UIInterfaceOrientationPortrait UIInterfaceOrientationPortraitUpsideDown UIInterfaceOrientationLandscapeLeft UIInterfaceOrientationLandscapeRight";
				INFOPLIST_KEY_UISupportedInterfaceOrientations_iPhone = "UIInterfaceOrientationPortrait UIInterfaceOrientationLandscapeLeft UIInterfaceOrientationLandscapeRight";
				IPHONEOS_DEPLOYMENT_TARGET = 15.0;
				LD_RUNPATH_SEARCH_PATHS = "@executable_path/Frameworks";
				"LD_RUNPATH_SEARCH_PATHS[sdk=macosx*]" = "@executable_path/../Frameworks";
				MACOSX_DEPLOYMENT_TARGET = 12.6;
				MARKETING_VERSION = 1.0;
				PRODUCT_BUNDLE_IDENTIFIER = blackbird.BlackBird;
				PRODUCT_NAME = "$(TARGET_NAME)";
				SDKROOT = auto;
				SUPPORTED_PLATFORMS = "iphoneos iphonesimulator macosx";
				SWIFT_EMIT_LOC_STRINGS = YES;
				SWIFT_VERSION = 5.0;
				TARGETED_DEVICE_FAMILY = "1,2";
			};
			name = Debug;
		};
		449AF8A1296AA1FF00BF811B /* Release */ = {
			isa = XCBuildConfiguration;
			buildSettings = {
				ASSETCATALOG_COMPILER_APPICON_NAME = AppIcon;
				ASSETCATALOG_COMPILER_GLOBAL_ACCENT_COLOR_NAME = AccentColor;
				CODE_SIGN_ENTITLEMENTS = BlackBird/BlackBird.entitlements;
				CODE_SIGN_STYLE = Automatic;
				CURRENT_PROJECT_VERSION = 1;
				DEVELOPMENT_ASSET_PATHS = "\"BlackBird/Preview Content\"";
				DEVELOPMENT_TEAM = A3ZHNVB7R6;
				ENABLE_HARDENED_RUNTIME = YES;
				ENABLE_PREVIEWS = YES;
				GENERATE_INFOPLIST_FILE = YES;
				"INFOPLIST_KEY_UIApplicationSceneManifest_Generation[sdk=iphoneos*]" = YES;
				"INFOPLIST_KEY_UIApplicationSceneManifest_Generation[sdk=iphonesimulator*]" = YES;
				"INFOPLIST_KEY_UIApplicationSupportsIndirectInputEvents[sdk=iphoneos*]" = YES;
				"INFOPLIST_KEY_UIApplicationSupportsIndirectInputEvents[sdk=iphonesimulator*]" = YES;
				"INFOPLIST_KEY_UILaunchScreen_Generation[sdk=iphoneos*]" = YES;
				"INFOPLIST_KEY_UILaunchScreen_Generation[sdk=iphonesimulator*]" = YES;
				"INFOPLIST_KEY_UIStatusBarStyle[sdk=iphoneos*]" = UIStatusBarStyleDefault;
				"INFOPLIST_KEY_UIStatusBarStyle[sdk=iphonesimulator*]" = UIStatusBarStyleDefault;
				INFOPLIST_KEY_UISupportedInterfaceOrientations_iPad = "UIInterfaceOrientationPortrait UIInterfaceOrientationPortraitUpsideDown UIInterfaceOrientationLandscapeLeft UIInterfaceOrientationLandscapeRight";
				INFOPLIST_KEY_UISupportedInterfaceOrientations_iPhone = "UIInterfaceOrientationPortrait UIInterfaceOrientationLandscapeLeft UIInterfaceOrientationLandscapeRight";
				IPHONEOS_DEPLOYMENT_TARGET = 15.0;
				LD_RUNPATH_SEARCH_PATHS = "@executable_path/Frameworks";
				"LD_RUNPATH_SEARCH_PATHS[sdk=macosx*]" = "@executable_path/../Frameworks";
				MACOSX_DEPLOYMENT_TARGET = 12.6;
				MARKETING_VERSION = 1.0;
				PRODUCT_BUNDLE_IDENTIFIER = blackbird.BlackBird;
				PRODUCT_NAME = "$(TARGET_NAME)";
				SDKROOT = auto;
				SUPPORTED_PLATFORMS = "iphoneos iphonesimulator macosx";
				SWIFT_EMIT_LOC_STRINGS = YES;
				SWIFT_VERSION = 5.0;
				TARGETED_DEVICE_FAMILY = "1,2";
			};
			name = Release;
		};
/* End XCBuildConfiguration section */

/* Begin XCConfigurationList section */
		449AF88B296AA1FA00BF811B /* Build configuration list for PBXProject "BlackBird" */ = {
			isa = XCConfigurationList;
			buildConfigurations = (
				449AF89D296AA1FF00BF811B /* Debug */,
				449AF89E296AA1FF00BF811B /* Release */,
			);
			defaultConfigurationIsVisible = 0;
			defaultConfigurationName = Release;
		};
		449AF89F296AA1FF00BF811B /* Build configuration list for PBXNativeTarget "BlackBird" */ = {
			isa = XCConfigurationList;
			buildConfigurations = (
				449AF8A0296AA1FF00BF811B /* Debug */,
				449AF8A1296AA1FF00BF811B /* Release */,
			);
			defaultConfigurationIsVisible = 0;
			defaultConfigurationName = Release;
		};
/* End XCConfigurationList section */

/* Begin XCRemoteSwiftPackageReference section */
		44C64964296F50A200DB0FF4 /* XCRemoteSwiftPackageReference "Kingfisher" */ = {
			isa = XCRemoteSwiftPackageReference;
			repositoryURL = "https://github.com/onevcat/Kingfisher.git";
			requirement = {
				branch = master;
				kind = branch;
			};
		};
/* End XCRemoteSwiftPackageReference section */

/* Begin XCSwiftPackageProductDependency section */
		44C64965296F50A200DB0FF4 /* Kingfisher */ = {
			isa = XCSwiftPackageProductDependency;
			package = 44C64964296F50A200DB0FF4 /* XCRemoteSwiftPackageReference "Kingfisher" */;
			productName = Kingfisher;
		};
/* End XCSwiftPackageProductDependency section */
	};
	rootObject = 449AF888296AA1FA00BF811B /* Project object */;
}
